
Microsoft Visual Studio Solution File, Format Version 12.00
# Visual Studio Version 17
VisualStudioVersion = 17.0.32014.148
MinimumVisualStudioVersion = 10.0.40219.1
Project("{9A19103F-16F7-4668-BE54-9A1E7A4F7556}") = "PlatformService", "PlatformService\PlatformService.csproj", "{7497C84D-BD6C-42B3-A7D6-B8A3CB5D8757}"
EndProject
Global
	GlobalSection(SolutionConfigurationPlatforms) = preSolution
		Debug|Any CPU = Debug|Any CPU
		Release|Any CPU = Release|Any CPU
	EndGlobalSection
	GlobalSection(ProjectConfigurationPlatforms) = postSolution
		{7497C84D-BD6C-42B3-A7D6-B8A3CB5D8757}.Debug|Any CPU.ActiveCfg = Debug|Any CPU
		{7497C84D-BD6C-42B3-A7D6-B8A3CB5D8757}.Debug|Any CPU.Build.0 = Debug|Any CPU
		{7497C84D-BD6C-42B3-A7D6-B8A3CB5D8757}.Release|Any CPU.ActiveCfg = Release|Any CPU
		{7497C84D-BD6C-42B3-A7D6-B8A3CB5D8757}.Release|Any CPU.Build.0 = Release|Any CPU
	EndGlobalSection
	GlobalSection(SolutionProperties) = preSolution
		HideSolutionNode = FALSE
	EndGlobalSection
	GlobalSection(ExtensibilityGlobals) = postSolution
		SolutionGuid = {2FD7CB8F-2413-4EA3-AADC-555AC5227C7A}
	EndGlobalSection
EndGlobal
